{
  "version": 1,
  "dependencies": {
    "net7.0-windows7.0": {
      "AdonisUI": {
        "type": "Direct",
        "requested": "[1.17.1, )",
        "resolved": "1.17.1",
        "contentHash": "A23SWpxbj6aGaKbGjyDBDJYV1xtkN03uu50iXcyF+m4mxr0vw/IbOLKPSTmclzPEE4hxnHCC4Ysl827HzfLhaw==",
        "dependencies": {
          "System.Drawing.Common": "4.6.0"
        }
      },
      "AdonisUI.ClassicTheme": {
        "type": "Direct",
        "requested": "[1.17.1, )",
        "resolved": "1.17.1",
        "contentHash": "SMTro4yZ22iNczHII3osyrcuBnH69sRmQsUhV5lg7NPdPZWkYaULK0OtyVriDynmNGqqwRwJ+t4Sc0hBK7jT0g==",
        "dependencies": {
          "AdonisUI": "1.17.1"
        }
      },
      "FontAwesome6.Svg": {
        "type": "Direct",
        "requested": "[2.3.0, )",
        "resolved": "2.3.0",
        "contentHash": "JtKA3OBBVFHj7mAKEO/xUqAoPJKDhRYME6ZXKt6Cx06cOhlPNSj8d57LoaqvOFXfSIm5oGzRvs2C0i0ZqOP96w==",
        "dependencies": {
          "Newtonsoft.Json": "13.0.1"
        }
      },
      "IronCompress": {
        "type": "Transitive",
        "resolved": "1.0.0-preview-02",
        "contentHash": "OK/rlnXrHcxSXMJCP6bEeGvf+25X9ORpjjw7/pQqdyICNyzf5+zQrJfE5iJT586hyZ6gcsZ39CjzOnzFZGMMpw=="
      },
      "Microsoft.NETCore.Platforms": {
        "type": "Transitive",
        "resolved": "3.0.0",
        "contentHash": "TsETIgVJb/AKoYfSP+iCxkuly5d3inZjTdx/ItZLk2CxY85v8083OBS3uai84kK3/baLnS5/b5XGs6zR7SuuHQ=="
      },
      "Microsoft.Toolkit.HighPerformance": {
        "type": "Transitive",
        "resolved": "7.1.2",
        "contentHash": "cezzRky0BUJyYmSrcQUcX8qAv90JfUwCqWEbqfWZLHyeANo9/LWgW6y50pqbyc8r8SPXVsu2GNH98fB3VxrnvA=="
      },
      "Microsoft.Win32.SystemEvents": {
        "type": "Transitive",
        "resolved": "4.6.0",
        "contentHash": "Edg+pFW5C8WJb680Za2kTV8TqUi6Ahl/WldRVoOVJ23UQLpDHFspa+umgFjkWZw24ETsU99Cg+ErZz683M4chg==",
        "dependencies": {
          "Microsoft.NETCore.Platforms": "3.0.0"
        }
      },
      "Newtonsoft.Json": {
        "type": "Transitive",
        "resolved": "13.0.1",
        "contentHash": "ppPFpBcvxdsfUonNcvITKqLl3bqxWbDCZIzDWHzjpdAHRFfZe0Dw9HmA0+za13IdyrgJwpkDTDA9fHaxOrt20A=="
      },
      "Serilog": {
        "type": "Transitive",
        "resolved": "2.11.0",
        "contentHash": "ysv+hBzTul6Dp+Hvm10FlhJO3yMQcFKSAleus+LpiIzvNstpeV4Z7gGuIZ1OPNfIMulSHOjmLuGAEDKzpnV8ZQ=="
      },
      "Silk.NET.Maths": {
        "type": "Transitive",
        "resolved": "2.15.0",
        "contentHash": "7aDFUR+wSU8kv/YrJX9PxTNye+ZO4ReYEoGI9YjLiipDHYivGJ/I+iR2xtSP+hkeKbC+xmOgE6TnZVf5INCqNg=="
      },
      "System.Drawing.Common": {
        "type": "Transitive",
        "resolved": "4.6.0",
        "contentHash": "2A3spjjoPZnvpVh/sDTzd+0H8ZqTdr+hH/6obB8MMfG81EJ85PmxCKDBxhBVQiA25PliKAZ1sKogDcq9mSnFEA==",
        "dependencies": {
          "Microsoft.NETCore.Platforms": "3.0.0",
          "Microsoft.Win32.SystemEvents": "4.6.0"
        }
      },
      "cuddle.core": {
        "type": "Project",
        "dependencies": {
          "Cuddle.Security": "[1.0.0, )",
          "DragonLib": "[3.0.1, )",
          "IronCompress": "[1.0.0-preview-02, )",
          "Microsoft.Toolkit.HighPerformance": "[7.1.2, )",
          "Serilog": "[2.11.0, )",
          "Silk.NET.Maths": "[2.15.0, )"
        }
      },
      "cuddle.security": {
        "type": "Project",
        "dependencies": {
          "DragonLib": "[3.0.1, )",
          "Serilog": "[2.11.0, )"
        }
      },
      "dragonlib": {
        "type": "Project"
      }
    }
  }
}
